{
  "name": "lifebalance-room-preview",
  "lockfileVersion": 3,
  "requires": true,
  "packages": {
    "": {
      "name": "lifebalance-room-preview",
      "dependencies": {
        "galmuri": "2.40.3",
        "suncalc": "2.0.2",
        "three": "0.186.0"
      }
    },
    "node_modules/galmuri": {
      "version": "2.40.3",
      "resolved": "https://registry.npmjs.org/galmuri/-/galmuri-2.40.3.tgz",
      "integrity": "sha512-eXflXih1AWy2J+jWeT5sGVj4PUCb1bMK7lnwKDKMzEd3lx+F6myuxqp6c0eZlD7EMXOicUYaM+FH7DAoQ7mWbw==",
      "funding": [
        {
          "type": "patreon",
          "url": "https://patreon.com/quiple"
        },
        {
          "type": "liberapay",
          "url": "https://liberapay.com/quiple"
        }
      ],
      "license": "OFL-1.1"
    },
    "node_modules/suncalc": {
      "version": "2.0.2",
      "resolved": "https://registry.npmjs.org/suncalc/-/suncalc-2.0.2.tgz",
      "integrity": "sha512-cedP91TuhxggoERke/jLkUVr/VMUifEMz1OkxfBZezvOFQdk8LSe9CFv7/Ov0Frn2tc2YUs+44oSrXeNEyTyGQ=="
    },
    "node_modules/three": {
      "version": "0.186.0",
      "resolved": "https://registry.npmjs.org/three/-/three-0.186.0.tgz",
      "integrity": "sha512-cr/fIM2ddMSVbYVgkfD4jLJv7Fh/8ZTjvo+7gQeSVGUZHxpx9FDwoL5iC7hUz/LiRA8wMbqfnb90xKfm1/HHkQ==",
      "license": "MIT"
    }
  }
}
